
Microsoft Visual Studio Solution File, Format Version 12.00
Project("{FAE04EC0-301F-11D3-BF4B-00C04F79EFBC}") = "DummyApp", "DummyApp\DummyApp.csproj", "{75EA5D08-930D-4782-88EB-20D2982B6C39}"
EndProject
Global
	GlobalSection(SolutionConfigurationPlatforms) = preSolution
		Debug|Any CPU = Debug|Any CPU
		Release|Any CPU = Release|Any CPU
	EndGlobalSection
	GlobalSection(ProjectConfigurationPlatforms) = postSolution
		{75EA5D08-930D-4782-88EB-20D2982B6C39}.Debug|Any CPU.ActiveCfg = Debug|Any CPU
		{75EA5D08-930D-4782-88EB-20D2982B6C39}.Debug|Any CPU.Build.0 = Debug|Any CPU
		{75EA5D08-930D-4782-88EB-20D2982B6C39}.Release|Any CPU.ActiveCfg = Release|Any CPU
		{75EA5D08-930D-4782-88EB-20D2982B6C39}.Release|Any CPU.Build.0 = Release|Any CPU
	EndGlobalSection
EndGlobal
